
Microsoft Visual Studio Solution File, Format Version 12.00
# Visual Studio Version 17
VisualStudioVersion = 17.1.32210.238
MinimumVisualStudioVersion = 10.0.40219.1
Project("{888888A0-9F3D-457C-B088-3A5042F75D52}") = "OzPracTopic1Zad2", "OzPracTopic1Zad2\OzPracTopic1Zad2.pyproj", "{13B43D3B-BDA1-4B9E-8E83-9DA75A78DFC6}"
EndProject
Global
	GlobalSection(SolutionConfigurationPlatforms) = preSolution
		Debug|Any CPU = Debug|Any CPU
		Release|Any CPU = Release|Any CPU
	EndGlobalSection
	GlobalSection(ProjectConfigurationPlatforms) = postSolution
		{13B43D3B-BDA1-4B9E-8E83-9DA75A78DFC6}.Debug|Any CPU.ActiveCfg = Debug|Any CPU
		{13B43D3B-BDA1-4B9E-8E83-9DA75A78DFC6}.Release|Any CPU.ActiveCfg = Release|Any CPU
	EndGlobalSection
	GlobalSection(SolutionProperties) = preSolution
		HideSolutionNode = FALSE
	EndGlobalSection
	GlobalSection(ExtensibilityGlobals) = postSolution
		SolutionGuid = {215EADB3-4692-4B67-9701-A5FBD518CEE8}
	EndGlobalSection
EndGlobal
